
Microsoft Visual Studio Solution File, Format Version 12.00
# Visual Studio Version 17
VisualStudioVersion = 17.14.36414.22
MinimumVisualStudioVersion = 10.0.40219.1
Project("{2150E333-8FDC-42A3-9474-1A3956D46DE8}") = "Task0", "Task0", "{02EA681E-C7D8-13C7-8484-4AC65E1B71E8}"
EndProject
Project("{FAE04EC0-301F-11D3-BF4B-00C04F79EFBC}") = "Tyuiu.KhanikyanDK.Sprint2.Task0.V18", "Tyuiu.KhanikyanDK.Sprint2.Task0.V18\Tyuiu.KhanikyanDK.Sprint2.Task0.V18.csproj", "{9ED66B44-6C56-4502-A30F-BE7421A438EB}"
EndProject
Project("{FAE04EC0-301F-11D3-BF4B-00C04F79EFBC}") = "Tyuiu.KhanikyanDK.Sprint2.Task0.V18.Lib", "Tyuiu.KhanikyanDK.Sprint2.Task0.V18.Lib\Tyuiu.KhanikyanDK.Sprint2.Task0.V18.Lib.csproj", "{F7641313-0516-4CCC-A4A0-F59487AD9013}"
EndProject
Project("{FAE04EC0-301F-11D3-BF4B-00C04F79EFBC}") = "Tyuiu.KhanikyanDK.Sprint2.Task0.V18.Test", "Tyuiu.KhanikyanDK.Sprint2.Task0.V18.Test\Tyuiu.KhanikyanDK.Sprint2.Task0.V18.Test.csproj", "{EEA13468-0B02-41FE-8C95-0DD8D4CDBBDD}"
EndProject
Project("{2150E333-8FDC-42A3-9474-1A3956D46DE8}") = "Task1", "Task1", "{828800E6-1B76-4831-9FC2-9FD2231F869F}"
EndProject
Project("{FAE04EC0-301F-11D3-BF4B-00C04F79EFBC}") = "Tyuiu.KhanikyanDK.Sprint2.Task1.V24", "Tyuiu.KhanikyanDK.Sprint2.Task1.V24\Tyuiu.KhanikyanDK.Sprint2.Task1.V24.csproj", "{27F2685A-6ECE-4E33-8E1A-0A9FCC2E5545}"
EndProject
Project("{FAE04EC0-301F-11D3-BF4B-00C04F79EFBC}") = "Tyuiu.KhanikyanDK.Sprint2.Task1.V24.Lib", "Tyuiu.KhanikyanDK.Sprint2.Task1.V24.Lib\Tyuiu.KhanikyanDK.Sprint2.Task1.V24.Lib.csproj", "{E54C4546-50DD-4FE9-B464-747306864A12}"
EndProject
Project("{FAE04EC0-301F-11D3-BF4B-00C04F79EFBC}") = "Tyuiu.KhanikyanDK.Sprint2.Task1.V24.Test", "Tyuiu.KhanikyanDK.Sprint2.Task1.V24.Test\Tyuiu.KhanikyanDK.Sprint2.Task1.V24.Test.csproj", "{279194C4-5616-47E6-A1D4-F1DA1CC8C668}"
EndProject
Project("{2150E333-8FDC-42A3-9474-1A3956D46DE8}") = "Task2", "Task2", "{D2DEE412-9851-48F8-AEF8-3DC300BF5A0E}"
EndProject
Project("{FAE04EC0-301F-11D3-BF4B-00C04F79EFBC}") = "Tyuiu.KhanikyanDK.Sprint2.Task2.V4", "Tyuiu.KhanikyanDK.Sprint2.Task2.V4\Tyuiu.KhanikyanDK.Sprint2.Task2.V4.csproj", "{27EF220A-37E1-4527-941B-73AFD82F511D}"
EndProject
Project("{FAE04EC0-301F-11D3-BF4B-00C04F79EFBC}") = "Tyuiu.KhanikyanDK.Sprint2.Task2.V4.Lib", "Tyuiu.KhanikyanDK.Sprint2.Task2.V4.Lib\Tyuiu.KhanikyanDK.Sprint2.Task2.V4.Lib.csproj", "{6DD85AC8-0BA4-4C47-BACD-57CBF43920DC}"
EndProject
Project("{FAE04EC0-301F-11D3-BF4B-00C04F79EFBC}") = "Tyuiu.KhanikyanDK.Sprint2.Task2.V4.Test", "Tyuiu.KhanikyanDK.Sprint2.Task2.V4.Test\Tyuiu.KhanikyanDK.Sprint2.Task2.V4.Test.csproj", "{B26E3E0D-4BD0-434E-93C6-D50F80499C4E}"
EndProject
Project("{2150E333-8FDC-42A3-9474-1A3956D46DE8}") = "Task3", "Task3", "{C1102A49-AFBC-46A0-A02F-84AE7872E320}"
EndProject
Project("{FAE04EC0-301F-11D3-BF4B-00C04F79EFBC}") = "Tyuiu.KhanikyanDK.Sprint2.Task3.V23", "Tyuiu.KhanikyanDK.Sprint2.Task3.V23\Tyuiu.KhanikyanDK.Sprint2.Task3.V23.csproj", "{ED602A76-0838-4C41-8C5C-9899E037BEE6}"
EndProject
Project("{FAE04EC0-301F-11D3-BF4B-00C04F79EFBC}") = "Tyuiu.KhanikyanDK.Sprint2.Task3.V23.Lib", "Tyuiu.KhanikyanDK.Sprint2.Task3.V23.Lib\Tyuiu.KhanikyanDK.Sprint2.Task3.V23.Lib.csproj", "{C764B9FD-CD01-458E-91CA-9814C1F75D89}"
EndProject
Project("{FAE04EC0-301F-11D3-BF4B-00C04F79EFBC}") = "Tyuiu.KhanikyanDK.Sprint2.Task3.V23.Test", "Tyuiu.KhanikyanDK.Sprint2.Task3.V23.Test\Tyuiu.KhanikyanDK.Sprint2.Task3.V23.Test.csproj", "{2652661D-B748-462F-B628-442062307680}"
EndProject
Project("{2150E333-8FDC-42A3-9474-1A3956D46DE8}") = "Task4", "Task4", "{87E4677B-5F10-4DD3-82A9-A76A4C98D145}"
EndProject
Project("{FAE04EC0-301F-11D3-BF4B-00C04F79EFBC}") = "Tyuiu.KhanikyanDK.Sprint2.Task4.V25", "Tyuiu.KhanikyanDK.Sprint2.Task4.V25\Tyuiu.KhanikyanDK.Sprint2.Task4.V25.csproj", "{19731CCB-6D0E-40A5-A395-8D3B2D524E54}"
EndProject
Project("{FAE04EC0-301F-11D3-BF4B-00C04F79EFBC}") = "Tyuiu.KhanikyanDK.Sprint2.Task4.V25.Lib", "Tyuiu.KhanikyanDK.Sprint2.Task4.V25.Lib\Tyuiu.KhanikyanDK.Sprint2.Task4.V25.Lib.csproj", "{92E2935F-5847-4575-A91F-E59489D0410F}"
EndProject
Project("{FAE04EC0-301F-11D3-BF4B-00C04F79EFBC}") = "Tyuiu.KhanikyanDK.Sprint2.Task4.V25.Test", "Tyuiu.KhanikyanDK.Sprint2.Task4.V25.Test\Tyuiu.KhanikyanDK.Sprint2.Task4.V25.Test.csproj", "{1593556F-7801-4C3E-8437-8B2FFB8F1201}"
EndProject
Project("{2150E333-8FDC-42A3-9474-1A3956D46DE8}") = "Task5", "Task5", "{551C8A80-2DD4-4509-BBF7-89D893C14964}"
EndProject
Project("{FAE04EC0-301F-11D3-BF4B-00C04F79EFBC}") = "Tyuiu.KhanikyanDK.Sprint2.Task5.V10", "Tyuiu.KhanikyanDK.Sprint2.Task5.V10\Tyuiu.KhanikyanDK.Sprint2.Task5.V10.csproj", "{28C84DBC-5E28-4960-BE67-77638FD26266}"
EndProject
Project("{FAE04EC0-301F-11D3-BF4B-00C04F79EFBC}") = "Tyuiu.KhanikyanDK.Sprint2.Task5.V10.Lib", "Tyuiu.KhanikyanDK.Sprint2.Task5.V10.Lib\Tyuiu.KhanikyanDK.Sprint2.Task5.V10.Lib.csproj", "{2A01626C-566D-4D98-B645-9D580D613E02}"
EndProject
Project("{FAE04EC0-301F-11D3-BF4B-00C04F79EFBC}") = "Tyuiu.KhanikyanDK.Sprint2.Task5.V10.Test", "Tyuiu.KhanikyanDK.Sprint2.Task5.V10.Test\Tyuiu.KhanikyanDK.Sprint2.Task5.V10.Test.csproj", "{74A2A279-9E35-253E-AFD9-E8D24644C743}"
EndProject
Project("{2150E333-8FDC-42A3-9474-1A3956D46DE8}") = "Task6", "Task6", "{23ED6E91-C578-4994-8C74-679936825D76}"
EndProject
Project("{FAE04EC0-301F-11D3-BF4B-00C04F79EFBC}") = "Tyuiu.KhanikyanDK.Sprint2.Task6.V12", "Tyuiu.KhanikyanDK.Sprint2.Task6.V12\Tyuiu.KhanikyanDK.Sprint2.Task6.V12.csproj", "{9BF5B775-C1CE-4A68-BB89-AD5D20C48D35}"
EndProject
Project("{FAE04EC0-301F-11D3-BF4B-00C04F79EFBC}") = "Tyuiu.KhanikyanDK.Sprint2.Task6.V12.Lib", "Tyuiu.KhanikyanDK.Sprint2.Task6.V12.Lib\Tyuiu.KhanikyanDK.Sprint2.Task6.V12.Lib.csproj", "{83D99622-ECF8-4371-9309-42E028C742BB}"
EndProject
Project("{FAE04EC0-301F-11D3-BF4B-00C04F79EFBC}") = "Tyuiu.KhanikyanDK.Sprint2.Task6.V12.Test", "Tyuiu.KhanikyanDK.Sprint2.Task6.V12.Test\Tyuiu.KhanikyanDK.Sprint2.Task6.V12.Test.csproj", "{0DDDBCB7-625C-4DCF-B77B-B0914BDE91B0}"
EndProject
Global
	GlobalSection(SolutionConfigurationPlatforms) = preSolution
		Debug|Any CPU = Debug|Any CPU
		Release|Any CPU = Release|Any CPU
	EndGlobalSection
	GlobalSection(ProjectConfigurationPlatforms) = postSolution
		{9ED66B44-6C56-4502-A30F-BE7421A438EB}.Debug|Any CPU.ActiveCfg = Debug|Any CPU
		{9ED66B44-6C56-4502-A30F-BE7421A438EB}.Debug|Any CPU.Build.0 = Debug|Any CPU
		{9ED66B44-6C56-4502-A30F-BE7421A438EB}.Release|Any CPU.ActiveCfg = Release|Any CPU
		{9ED66B44-6C56-4502-A30F-BE7421A438EB}.Release|Any CPU.Build.0 = Release|Any CPU
		{F7641313-0516-4CCC-A4A0-F59487AD9013}.Debug|Any CPU.ActiveCfg = Debug|Any CPU
		{F7641313-0516-4CCC-A4A0-F59487AD9013}.Debug|Any CPU.Build.0 = Debug|Any CPU
		{F7641313-0516-4CCC-A4A0-F59487AD9013}.Release|Any CPU.ActiveCfg = Release|Any CPU
		{F7641313-0516-4CCC-A4A0-F59487AD9013}.Release|Any CPU.Build.0 = Release|Any CPU
		{EEA13468-0B02-41FE-8C95-0DD8D4CDBBDD}.Debug|Any CPU.ActiveCfg = Debug|Any CPU
		{EEA13468-0B02-41FE-8C95-0DD8D4CDBBDD}.Debug|Any CPU.Build.0 = Debug|Any CPU
		{EEA13468-0B02-41FE-8C95-0DD8D4CDBBDD}.Release|Any CPU.ActiveCfg = Release|Any CPU
		{EEA13468-0B02-41FE-8C95-0DD8D4CDBBDD}.Release|Any CPU.Build.0 = Release|Any CPU
		{27F2685A-6ECE-4E33-8E1A-0A9FCC2E5545}.Debug|Any CPU.ActiveCfg = Debug|Any CPU
		{27F2685A-6ECE-4E33-8E1A-0A9FCC2E5545}.Debug|Any CPU.Build.0 = Debug|Any CPU
		{27F2685A-6ECE-4E33-8E1A-0A9FCC2E5545}.Release|Any CPU.ActiveCfg = Release|Any CPU
		{27F2685A-6ECE-4E33-8E1A-0A9FCC2E5545}.Release|Any CPU.Build.0 = Release|Any CPU
		{E54C4546-50DD-4FE9-B464-747306864A12}.Debug|Any CPU.ActiveCfg = Debug|Any CPU
		{E54C4546-50DD-4FE9-B464-747306864A12}.Debug|Any CPU.Build.0 = Debug|Any CPU
		{E54C4546-50DD-4FE9-B464-747306864A12}.Release|Any CPU.ActiveCfg = Release|Any CPU
		{E54C4546-50DD-4FE9-B464-747306864A12}.Release|Any CPU.Build.0 = Release|Any CPU
		{279194C4-5616-47E6-A1D4-F1DA1CC8C668}.Debug|Any CPU.ActiveCfg = Debug|Any CPU
		{279194C4-5616-47E6-A1D4-F1DA1CC8C668}.Debug|Any CPU.Build.0 = Debug|Any CPU
		{279194C4-5616-47E6-A1D4-F1DA1CC8C668}.Release|Any CPU.ActiveCfg = Release|Any CPU
		{279194C4-5616-47E6-A1D4-F1DA1CC8C668}.Release|Any CPU.Build.0 = Release|Any CPU
		{27EF220A-37E1-4527-941B-73AFD82F511D}.Debug|Any CPU.ActiveCfg = Debug|Any CPU
		{27EF220A-37E1-4527-941B-73AFD82F511D}.Debug|Any CPU.Build.0 = Debug|Any CPU
		{27EF220A-37E1-4527-941B-73AFD82F511D}.Release|Any CPU.ActiveCfg = Release|Any CPU
		{27EF220A-37E1-4527-941B-73AFD82F511D}.Release|Any CPU.Build.0 = Release|Any CPU
		{6DD85AC8-0BA4-4C47-BACD-57CBF43920DC}.Debug|Any CPU.ActiveCfg = Debug|Any CPU
		{6DD85AC8-0BA4-4C47-BACD-57CBF43920DC}.Debug|Any CPU.Build.0 = Debug|Any CPU
		{6DD85AC8-0BA4-4C47-BACD-57CBF43920DC}.Release|Any CPU.ActiveCfg = Release|Any CPU
		{6DD85AC8-0BA4-4C47-BACD-57CBF43920DC}.Release|Any CPU.Build.0 = Release|Any CPU
		{B26E3E0D-4BD0-434E-93C6-D50F80499C4E}.Debug|Any CPU.ActiveCfg = Debug|Any CPU
		{B26E3E0D-4BD0-434E-93C6-D50F80499C4E}.Debug|Any CPU.Build.0 = Debug|Any CPU
		{B26E3E0D-4BD0-434E-93C6-D50F80499C4E}.Release|Any CPU.ActiveCfg = Release|Any CPU
		{B26E3E0D-4BD0-434E-93C6-D50F80499C4E}.Release|Any CPU.Build.0 = Release|Any CPU
		{ED602A76-0838-4C41-8C5C-9899E037BEE6}.Debug|Any CPU.ActiveCfg = Debug|Any CPU
		{ED602A76-0838-4C41-8C5C-9899E037BEE6}.Debug|Any CPU.Build.0 = Debug|Any CPU
		{ED602A76-0838-4C41-8C5C-9899E037BEE6}.Release|Any CPU.ActiveCfg = Release|Any CPU
		{ED602A76-0838-4C41-8C5C-9899E037BEE6}.Release|Any CPU.Build.0 = Release|Any CPU
		{C764B9FD-CD01-458E-91CA-9814C1F75D89}.Debug|Any CPU.ActiveCfg = Debug|Any CPU
		{C764B9FD-CD01-458E-91CA-9814C1F75D89}.Debug|Any CPU.Build.0 = Debug|Any CPU
		{C764B9FD-CD01-458E-91CA-9814C1F75D89}.Release|Any CPU.ActiveCfg = Release|Any CPU
		{C764B9FD-CD01-458E-91CA-9814C1F75D89}.Release|Any CPU.Build.0 = Release|Any CPU
		{2652661D-B748-462F-B628-442062307680}.Debug|Any CPU.ActiveCfg = Debug|Any CPU
		{2652661D-B748-462F-B628-442062307680}.Debug|Any CPU.Build.0 = Debug|Any CPU
		{2652661D-B748-462F-B628-442062307680}.Release|Any CPU.ActiveCfg = Release|Any CPU
		{2652661D-B748-462F-B628-442062307680}.Release|Any CPU.Build.0 = Release|Any CPU
		{19731CCB-6D0E-40A5-A395-8D3B2D524E54}.Debug|Any CPU.ActiveCfg = Debug|Any CPU
		{19731CCB-6D0E-40A5-A395-8D3B2D524E54}.Debug|Any CPU.Build.0 = Debug|Any CPU
		{19731CCB-6D0E-40A5-A395-8D3B2D524E54}.Release|Any CPU.ActiveCfg = Release|Any CPU
		{19731CCB-6D0E-40A5-A395-8D3B2D524E54}.Release|Any CPU.Build.0 = Release|Any CPU
		{92E2935F-5847-4575-A91F-E59489D0410F}.Debug|Any CPU.ActiveCfg = Debug|Any CPU
		{92E2935F-5847-4575-A91F-E59489D0410F}.Debug|Any CPU.Build.0 = Debug|Any CPU
		{92E2935F-5847-4575-A91F-E59489D0410F}.Release|Any CPU.ActiveCfg = Release|Any CPU
		{92E2935F-5847-4575-A91F-E59489D0410F}.Release|Any CPU.Build.0 = Release|Any CPU
		{1593556F-7801-4C3E-8437-8B2FFB8F1201}.Debug|Any CPU.ActiveCfg = Debug|Any CPU
		{1593556F-7801-4C3E-8437-8B2FFB8F1201}.Debug|Any CPU.Build.0 = Debug|Any CPU
		{1593556F-7801-4C3E-8437-8B2FFB8F1201}.Release|Any CPU.ActiveCfg = Release|Any CPU
		{1593556F-7801-4C3E-8437-8B2FFB8F1201}.Release|Any CPU.Build.0 = Release|Any CPU
		{28C84DBC-5E28-4960-BE67-77638FD26266}.Debug|Any CPU.ActiveCfg = Debug|Any CPU
		{28C84DBC-5E28-4960-BE67-77638FD26266}.Debug|Any CPU.Build.0 = Debug|Any CPU
		{28C84DBC-5E28-4960-BE67-77638FD26266}.Release|Any CPU.ActiveCfg = Release|Any CPU
		{28C84DBC-5E28-4960-BE67-77638FD26266}.Release|Any CPU.Build.0 = Release|Any CPU
		{2A01626C-566D-4D98-B645-9D580D613E02}.Debug|Any CPU.ActiveCfg = Debug|Any CPU
		{2A01626C-566D-4D98-B645-9D580D613E02}.Debug|Any CPU.Build.0 = Debug|Any CPU
		{2A01626C-566D-4D98-B645-9D580D613E02}.Release|Any CPU.ActiveCfg = Release|Any CPU
		{2A01626C-566D-4D98-B645-9D580D613E02}.Release|Any CPU.Build.0 = Release|Any CPU
		{74A2A279-9E35-253E-AFD9-E8D24644C743}.Debug|Any CPU.ActiveCfg = Debug|Any CPU
		{74A2A279-9E35-253E-AFD9-E8D24644C743}.Debug|Any CPU.Build.0 = Debug|Any CPU
		{74A2A279-9E35-253E-AFD9-E8D24644C743}.Release|Any CPU.ActiveCfg = Release|Any CPU
		{74A2A279-9E35-253E-AFD9-E8D24644C743}.Release|Any CPU.Build.0 = Release|Any CPU
		{9BF5B775-C1CE-4A68-BB89-AD5D20C48D35}.Debug|Any CPU.ActiveCfg = Debug|Any CPU
		{9BF5B775-C1CE-4A68-BB89-AD5D20C48D35}.Debug|Any CPU.Build.0 = Debug|Any CPU
		{9BF5B775-C1CE-4A68-BB89-AD5D20C48D35}.Release|Any CPU.ActiveCfg = Release|Any CPU
		{9BF5B775-C1CE-4A68-BB89-AD5D20C48D35}.Release|Any CPU.Build.0 = Release|Any CPU
		{83D99622-ECF8-4371-9309-42E028C742BB}.Debug|Any CPU.ActiveCfg = Debug|Any CPU
		{83D99622-ECF8-4371-9309-42E028C742BB}.Debug|Any CPU.Build.0 = Debug|Any CPU
		{83D99622-ECF8-4371-9309-42E028C742BB}.Release|Any CPU.ActiveCfg = Release|Any CPU
		{83D99622-ECF8-4371-9309-42E028C742BB}.Release|Any CPU.Build.0 = Release|Any CPU
		{0DDDBCB7-625C-4DCF-B77B-B0914BDE91B0}.Debug|Any CPU.ActiveCfg = Debug|Any CPU
		{0DDDBCB7-625C-4DCF-B77B-B0914BDE91B0}.Debug|Any CPU.Build.0 = Debug|Any CPU
		{0DDDBCB7-625C-4DCF-B77B-B0914BDE91B0}.Release|Any CPU.ActiveCfg = Release|Any CPU
		{0DDDBCB7-625C-4DCF-B77B-B0914BDE91B0}.Release|Any CPU.Build.0 = Release|Any CPU
	EndGlobalSection
	GlobalSection(SolutionProperties) = preSolution
		HideSolutionNode = FALSE
	EndGlobalSection
	GlobalSection(NestedProjects) = preSolution
		{9ED66B44-6C56-4502-A30F-BE7421A438EB} = {02EA681E-C7D8-13C7-8484-4AC65E1B71E8}
		{F7641313-0516-4CCC-A4A0-F59487AD9013} = {02EA681E-C7D8-13C7-8484-4AC65E1B71E8}
		{EEA13468-0B02-41FE-8C95-0DD8D4CDBBDD} = {02EA681E-C7D8-13C7-8484-4AC65E1B71E8}
		{27F2685A-6ECE-4E33-8E1A-0A9FCC2E5545} = {828800E6-1B76-4831-9FC2-9FD2231F869F}
		{E54C4546-50DD-4FE9-B464-747306864A12} = {828800E6-1B76-4831-9FC2-9FD2231F869F}
		{279194C4-5616-47E6-A1D4-F1DA1CC8C668} = {828800E6-1B76-4831-9FC2-9FD2231F869F}
		{27EF220A-37E1-4527-941B-73AFD82F511D} = {D2DEE412-9851-48F8-AEF8-3DC300BF5A0E}
		{6DD85AC8-0BA4-4C47-BACD-57CBF43920DC} = {D2DEE412-9851-48F8-AEF8-3DC300BF5A0E}
		{B26E3E0D-4BD0-434E-93C6-D50F80499C4E} = {D2DEE412-9851-48F8-AEF8-3DC300BF5A0E}
		{ED602A76-0838-4C41-8C5C-9899E037BEE6} = {C1102A49-AFBC-46A0-A02F-84AE7872E320}
		{C764B9FD-CD01-458E-91CA-9814C1F75D89} = {C1102A49-AFBC-46A0-A02F-84AE7872E320}
		{2652661D-B748-462F-B628-442062307680} = {C1102A49-AFBC-46A0-A02F-84AE7872E320}
		{19731CCB-6D0E-40A5-A395-8D3B2D524E54} = {87E4677B-5F10-4DD3-82A9-A76A4C98D145}
		{92E2935F-5847-4575-A91F-E59489D0410F} = {87E4677B-5F10-4DD3-82A9-A76A4C98D145}
		{1593556F-7801-4C3E-8437-8B2FFB8F1201} = {87E4677B-5F10-4DD3-82A9-A76A4C98D145}
		{28C84DBC-5E28-4960-BE67-77638FD26266} = {551C8A80-2DD4-4509-BBF7-89D893C14964}
		{2A01626C-566D-4D98-B645-9D580D613E02} = {551C8A80-2DD4-4509-BBF7-89D893C14964}
		{74A2A279-9E35-253E-AFD9-E8D24644C743} = {551C8A80-2DD4-4509-BBF7-89D893C14964}
		{9BF5B775-C1CE-4A68-BB89-AD5D20C48D35} = {23ED6E91-C578-4994-8C74-679936825D76}
		{83D99622-ECF8-4371-9309-42E028C742BB} = {23ED6E91-C578-4994-8C74-679936825D76}
		{0DDDBCB7-625C-4DCF-B77B-B0914BDE91B0} = {23ED6E91-C578-4994-8C74-679936825D76}
	EndGlobalSection
	GlobalSection(ExtensibilityGlobals) = postSolution
		SolutionGuid = {7F7FC9C4-491D-4591-991F-B3A7E6B1F8CB}
	EndGlobalSection
EndGlobal
